
Microsoft Visual Studio Solution File, Format Version 12.00
# Visual Studio Version 17
VisualStudioVersion = 17.9.34616.47
MinimumVisualStudioVersion = 10.0.40219.1
Project("{FAE04EC0-301F-11D3-BF4B-00C04F79EFBC}") = "NetCoreAreas_1Tekrar", "NetCoreAreas_1Tekrar\NetCoreAreas_1Tekrar.csproj", "{48742C17-A2CA-4C7E-852D-1474A8C6BC05}"
EndProject
Global
	GlobalSection(SolutionConfigurationPlatforms) = preSolution
		Debug|Any CPU = Debug|Any CPU
		Release|Any CPU = Release|Any CPU
	EndGlobalSection
	GlobalSection(ProjectConfigurationPlatforms) = postSolution
		{48742C17-A2CA-4C7E-852D-1474A8C6BC05}.Debug|Any CPU.ActiveCfg = Debug|Any CPU
		{48742C17-A2CA-4C7E-852D-1474A8C6BC05}.Debug|Any CPU.Build.0 = Debug|Any CPU
		{48742C17-A2CA-4C7E-852D-1474A8C6BC05}.Release|Any CPU.ActiveCfg = Release|Any CPU
		{48742C17-A2CA-4C7E-852D-1474A8C6BC05}.Release|Any CPU.Build.0 = Release|Any CPU
	EndGlobalSection
	GlobalSection(SolutionProperties) = preSolution
		HideSolutionNode = FALSE
	EndGlobalSection
	GlobalSection(ExtensibilityGlobals) = postSolution
		SolutionGuid = {BB13AE35-070C-4B40-BA7C-78A0DFA06F11}
	EndGlobalSection
EndGlobal
